// !$*UTF8*$!
{
	archiveVersion = 1;
	classes = {
	};
	objectVersion = 50;
	objects = {

/* Begin PBXBuildFile section */
		9F111A5A24DBD91200DEC237 /* AppDelegate.swift in Sources */ = {isa = PBXBuildFile; fileRef = 9F111A5924DBD91200DEC237 /* AppDelegate.swift */; };
		9F111A5C24DBD91200DEC237 /* SceneDelegate.swift in Sources */ = {isa = PBXBuildFile; fileRef = 9F111A5B24DBD91200DEC237 /* SceneDelegate.swift */; };
		9F111A5E24DBD91200DEC237 /* ViewController.swift in Sources */ = {isa = PBXBuildFile; fileRef = 9F111A5D24DBD91200DEC237 /* ViewController.swift */; };
		9F111A6124DBD91200DEC237 /* Main.storyboard in Resources */ = {isa = PBXBuildFile; fileRef = 9F111A5F24DBD91200DEC237 /* Main.storyboard */; };
		9F111A6324DBD91200DEC237 /* Assets.xcassets in Resources */ = {isa = PBXBuildFile; fileRef = 9F111A6224DBD91200DEC237 /* Assets.xcassets */; };
		9F111A6624DBD91200DEC237 /* LaunchScreen.storyboard in Resources */ = {isa = PBXBuildFile; fileRef = 9F111A6424DBD91200DEC237 /* LaunchScreen.storyboard */; };
		9F111A7B24DBEAA400DEC237 /* opencv2.framework in Frameworks */ = {isa = PBXBuildFile; fileRef = 9F111A7924DBEA9400DEC237 /* opencv2.framework */; };
		9F111A7C24DBEAA400DEC237 /* opencv2.framework in Embed Frameworks */ = {isa = PBXBuildFile; fileRef = 9F111A7924DBEA9400DEC237 /* opencv2.framework */; settings = {ATTRIBUTES = (CodeSignOnCopy, RemoveHeadersOnCopy, ); }; };
		9F111A7F24DBEAC000DEC237 /* LaneDetector.cpp in Sources */ = {isa = PBXBuildFile; fileRef = 9F111A7D24DBEAC000DEC237 /* LaneDetector.cpp */; };
		9F111A8424DBEC0000DEC237 /* LaneDetectorBridge.mm in Sources */ = {isa = PBXBuildFile; fileRef = 9F111A8324DBEC0000DEC237 /* LaneDetectorBridge.mm */; };
/* End PBXBuildFile section */

/* Begin PBXCopyFilesBuildPhase section */
		9F111A7124DBE35A00DEC237 /* Embed Frameworks */ = {
			isa = PBXCopyFilesBuildPhase;
			buildActionMask = 2147483647;
			dstPath = "";
			dstSubfolderSpec = 10;
			files = (
				9F111A7C24DBEAA400DEC237 /* opencv2.framework in Embed Frameworks */,
			);
			name = "Embed Frameworks";
			runOnlyForDeploymentPostprocessing = 0;
		};
/* End PBXCopyFilesBuildPhase section */

/* Begin PBXFileReference section */
		9F111A5624DBD91200DEC237 /* LaneDetectionSample.app */ = {isa = PBXFileReference; explicitFileType = wrapper.application; includeInIndex = 0; path = LaneDetectionSample.app; sourceTree = BUILT_PRODUCTS_DIR; };
		9F111A5924DBD91200DEC237 /* AppDelegate.swift */ = {isa = PBXFileReference; lastKnownFileType = sourcecode.swift; path = AppDelegate.swift; sourceTree = "<group>"; };
		9F111A5B24DBD91200DEC237 /* SceneDelegate.swift */ = {isa = PBXFileReference; lastKnownFileType = sourcecode.swift; path = SceneDelegate.swift; sourceTree = "<group>"; };
		9F111A5D24DBD91200DEC237 /* ViewController.swift */ = {isa = PBXFileReference; lastKnownFileType = sourcecode.swift; path = ViewController.swift; sourceTree = "<group>"; };
		9F111A6024DBD91200DEC237 /* Base */ = {isa = PBXFileReference; lastKnownFileType = file.storyboard; name = Base; path = Base.lproj/Main.storyboard; sourceTree = "<group>"; };
		9F111A6224DBD91200DEC237 /* Assets.xcassets */ = {isa = PBXFileReference; lastKnownFileType = folder.assetcatalog; path = Assets.xcassets; sourceTree = "<group>"; };
		9F111A6524DBD91200DEC237 /* Base */ = {isa = PBXFileReference; lastKnownFileType = file.storyboard; name = Base; path = Base.lproj/LaunchScreen.storyboard; sourceTree = "<group>"; };
		9F111A6724DBD91300DEC237 /* Info.plist */ = {isa = PBXFileReference; lastKnownFileType = text.plist.xml; path = Info.plist; sourceTree = "<group>"; };
		9F111A7224DBE3D500DEC237 /* LaneDetectionSample-Bridging-Header.h */ = {isa = PBXFileReference; lastKnownFileType = sourcecode.c.h; path = "LaneDetectionSample-Bridging-Header.h"; sourceTree = "<group>"; };
		9F111A7924DBEA9400DEC237 /* opencv2.framework */ = {isa = PBXFileReference; lastKnownFileType = wrapper.framework; name = opencv2.framework; path = ../../../../../Downloads/opencv2.framework; sourceTree = "<group>"; };
		9F111A7D24DBEAC000DEC237 /* LaneDetector.cpp */ = {isa = PBXFileReference; lastKnownFileType = sourcecode.cpp.cpp; path = LaneDetector.cpp; sourceTree = "<group>"; };
		9F111A7E24DBEAC000DEC237 /* LaneDetector.hpp */ = {isa = PBXFileReference; lastKnownFileType = sourcecode.cpp.h; path = LaneDetector.hpp; sourceTree = "<group>"; };
		9F111A8024DBEB2000DEC237 /* LaneDetectorBridge.h */ = {isa = PBXFileReference; lastKnownFileType = sourcecode.c.h; path = LaneDetectorBridge.h; sourceTree = "<group>"; };
		9F111A8324DBEC0000DEC237 /* LaneDetectorBridge.mm */ = {isa = PBXFileReference; lastKnownFileType = sourcecode.cpp.objcpp; path = LaneDetectorBridge.mm; sourceTree = "<group>"; };
/* End PBXFileReference section */

/* Begin PBXFrameworksBuildPhase section */
		9F111A5324DBD91200DEC237 /* Frameworks */ = {
			isa = PBXFrameworksBuildPhase;
			buildActionMask = 2147483647;
			files = (
				9F111A7B24DBEAA400DEC237 /* opencv2.framework in Frameworks */,
			);
			runOnlyForDeploymentPostprocessing = 0;
		};
/* End PBXFrameworksBuildPhase section */

/* Begin PBXGroup section */
		9F111A4D24DBD91200DEC237 = {
			isa = PBXGroup;
			children = (
				9F111A7224DBE3D500DEC237 /* LaneDetectionSample-Bridging-Header.h */,
				9F111A7D24DBEAC000DEC237 /* LaneDetector.cpp */,
				9F111A8024DBEB2000DEC237 /* LaneDetectorBridge.h */,
				9F111A7E24DBEAC000DEC237 /* LaneDetector.hpp */,
				9F111A8324DBEC0000DEC237 /* LaneDetectorBridge.mm */,
				9F111A7924DBEA9400DEC237 /* opencv2.framework */,
				9F111A5824DBD91200DEC237 /* LaneDetectionSample */,
				9F111A5724DBD91200DEC237 /* Products */,
			);
			sourceTree = "<group>";
		};
		9F111A5724DBD91200DEC237 /* Products */ = {
			isa = PBXGroup;
			children = (
				9F111A5624DBD91200DEC237 /* LaneDetectionSample.app */,
			);
			name = Products;
			sourceTree = "<group>";
		};
		9F111A5824DBD91200DEC237 /* LaneDetectionSample */ = {
			isa = PBXGroup;
			children = (
				9F111A5924DBD91200DEC237 /* AppDelegate.swift */,
				9F111A5B24DBD91200DEC237 /* SceneDelegate.swift */,
				9F111A5D24DBD91200DEC237 /* ViewController.swift */,
				9F111A5F24DBD91200DEC237 /* Main.storyboard */,
				9F111A6224DBD91200DEC237 /* Assets.xcassets */,
				9F111A6424DBD91200DEC237 /* LaunchScreen.storyboard */,
				9F111A6724DBD91300DEC237 /* Info.plist */,
			);
			path = LaneDetectionSample;
			sourceTree = "<group>";
		};
/* End PBXGroup section */

/* Begin PBXNativeTarget section */
		9F111A5524DBD91200DEC237 /* LaneDetectionSample */ = {
			isa = PBXNativeTarget;
			buildConfigurationList = 9F111A6A24DBD91300DEC237 /* Build configuration list for PBXNativeTarget "LaneDetectionSample" */;
			buildPhases = (
				9F111A5224DBD91200DEC237 /* Sources */,
				9F111A5324DBD91200DEC237 /* Frameworks */,
				9F111A5424DBD91200DEC237 /* Resources */,
				9F111A7124DBE35A00DEC237 /* Embed Frameworks */,
			);
			buildRules = (
			);
			dependencies = (
			);
			name = LaneDetectionSample;
			productName = LaneDetectionSample;
			productReference = 9F111A5624DBD91200DEC237 /* LaneDetectionSample.app */;
			productType = "com.apple.product-type.application";
		};
/* End PBXNativeTarget section */

/* Begin PBXProject section */
		9F111A4E24DBD91200DEC237 /* Project object */ = {
			isa = PBXProject;
			attributes = {
				LastSwiftUpdateCheck = 1160;
				LastUpgradeCheck = 1160;
				TargetAttributes = {
					9F111A5524DBD91200DEC237 = {
						CreatedOnToolsVersion = 11.6;
						LastSwiftMigration = 1160;
					};
				};
			};
			buildConfigurationList = 9F111A5124DBD91200DEC237 /* Build configuration list for PBXProject "LaneDetectionSample" */;
			compatibilityVersion = "Xcode 9.3";
			developmentRegion = en;
			hasScannedForEncodings = 0;
			knownRegions = (
				en,
				Base,
			);
			mainGroup = 9F111A4D24DBD91200DEC237;
			productRefGroup = 9F111A5724DBD91200DEC237 /* Products */;
			projectDirPath = "";
			projectRoot = "";
			targets = (
				9F111A5524DBD91200DEC237 /* LaneDetectionSample */,
			);
		};
/* End PBXProject section */

/* Begin PBXResourcesBuildPhase section */
		9F111A5424DBD91200DEC237 /* Resources */ = {
			isa = PBXResourcesBuildPhase;
			buildActionMask = 2147483647;
			files = (
				9F111A6624DBD91200DEC237 /* LaunchScreen.storyboard in Resources */,
				9F111A6324DBD91200DEC237 /* Assets.xcassets in Resources */,
				9F111A6124DBD91200DEC237 /* Main.storyboard in Resources */,
			);
			runOnlyForDeploymentPostprocessing = 0;
		};
/* End PBXResourcesBuildPhase section */

/* Begin PBXSourcesBuildPhase section */
		9F111A5224DBD91200DEC237 /* Sources */ = {
			isa = PBXSourcesBuildPhase;
			buildActionMask = 2147483647;
			files = (
				9F111A5E24DBD91200DEC237 /* ViewController.swift in Sources */,
				9F111A5A24DBD91200DEC237 /* AppDelegate.swift in Sources */,
				9F111A8424DBEC0000DEC237 /* LaneDetectorBridge.mm in Sources */,
				9F111A5C24DBD91200DEC237 /* SceneDelegate.swift in Sources */,
				9F111A7F24DBEAC000DEC237 /* LaneDetector.cpp in Sources */,
			);
			runOnlyForDeploymentPostprocessing = 0;
		};
/* End PBXSourcesBuildPhase section */

/* Begin PBXVariantGroup section */
		9F111A5F24DBD91200DEC237 /* Main.storyboard */ = {
			isa = PBXVariantGroup;
			children = (
				9F111A6024DBD91200DEC237 /* Base */,
			);
			name = Main.storyboard;
			sourceTree = "<group>";
		};
		9F111A6424DBD91200DEC237 /* LaunchScreen.storyboard */ = {
			isa = PBXVariantGroup;
			children = (
				9F111A6524DBD91200DEC237 /* Base */,
			);
			name = LaunchScreen.storyboard;
			sourceTree = "<group>";
		};
/* End PBXVariantGroup section */

/* Begin XCBuildConfiguration section */
		9F111A6824DBD91300DEC237 /* Debug */ = {
			isa = XCBuildConfiguration;
			buildSettings = {
				ALWAYS_SEARCH_USER_PATHS = NO;
				CLANG_ANALYZER_NONNULL = YES;
				CLANG_ANALYZER_NUMBER_OBJECT_CONVERSION = YES_AGGRESSIVE;
				CLANG_CXX_LANGUAGE_STANDARD = "gnu++14";
				CLANG_CXX_LIBRARY = "libc++";
				CLANG_ENABLE_MODULES = YES;
				CLANG_ENABLE_OBJC_ARC = YES;
				CLANG_ENABLE_OBJC_WEAK = YES;
				CLANG_WARN_BLOCK_CAPTURE_AUTORELEASING = YES;
				CLANG_WARN_BOOL_CONVERSION = YES;
				CLANG_WARN_COMMA = YES;
				CLANG_WARN_CONSTANT_CONVERSION = YES;
				CLANG_WARN_DEPRECATED_OBJC_IMPLEMENTATIONS = YES;
				CLANG_WARN_DIRECT_OBJC_ISA_USAGE = YES_ERROR;
				CLANG_WARN_DOCUMENTATION_COMMENTS = YES;
				CLANG_WARN_EMPTY_BODY = YES;
				CLANG_WARN_ENUM_CONVERSION = YES;
				CLANG_WARN_INFINITE_RECURSION = YES;
				CLANG_WARN_INT_CONVERSION = YES;
				CLANG_WARN_NON_LITERAL_NULL_CONVERSION = YES;
				CLANG_WARN_OBJC_IMPLICIT_RETAIN_SELF = YES;
				CLANG_WARN_OBJC_LITERAL_CONVERSION = YES;
				CLANG_WARN_OBJC_ROOT_CLASS = YES_ERROR;
				CLANG_WARN_RANGE_LOOP_ANALYSIS = YES;
				CLANG_WARN_STRICT_PROTOTYPES = YES;
				CLANG_WARN_SUSPICIOUS_MOVE = YES;
				CLANG_WARN_UNGUARDED_AVAILABILITY = YES_AGGRESSIVE;
				CLANG_WARN_UNREACHABLE_CODE = YES;
				CLANG_WARN__DUPLICATE_METHOD_MATCH = YES;
				COPY_PHASE_STRIP = NO;
				DEBUG_INFORMATION_FORMAT = dwarf;
				ENABLE_STRICT_OBJC_MSGSEND = YES;
				ENABLE_TESTABILITY = YES;
				GCC_C_LANGUAGE_STANDARD = gnu11;
				GCC_DYNAMIC_NO_PIC = NO;
				GCC_NO_COMMON_BLOCKS = YES;
				GCC_OPTIMIZATION_LEVEL = 0;
				GCC_PREPROCESSOR_DEFINITIONS = (
					"DEBUG=1",
					"$(inherited)",
				);
				GCC_WARN_64_TO_32_BIT_CONVERSION = YES;
				GCC_WARN_ABOUT_RETURN_TYPE = YES_ERROR;
				GCC_WARN_UNDECLARED_SELECTOR = YES;
				GCC_WARN_UNINITIALIZED_AUTOS = YES_AGGRESSIVE;
				GCC_WARN_UNUSED_FUNCTION = YES;
				GCC_WARN_UNUSED_VARIABLE = YES;
				IPHONEOS_DEPLOYMENT_TARGET = 13.6;
				MTL_ENABLE_DEBUG_INFO = INCLUDE_SOURCE;
				MTL_FAST_MATH = YES;
				ONLY_ACTIVE_ARCH = YES;
				SDKROOT = iphoneos;
				SWIFT_ACTIVE_COMPILATION_CONDITIONS = DEBUG;
				SWIFT_OPTIMIZATION_LEVEL = "-Onone";
			};
			name = Debug;
		};
		9F111A6924DBD91300DEC237 /* Release */ = {
			isa = XCBuildConfiguration;
			buildSettings = {
				ALWAYS_SEARCH_USER_PATHS = NO;
				CLANG_ANALYZER_NONNULL = YES;
				CLANG_ANALYZER_NUMBER_OBJECT_CONVERSION = YES_AGGRESSIVE;
				CLANG_CXX_LANGUAGE_STANDARD = "gnu++14";
				CLANG_CXX_LIBRARY = "libc++";
				CLANG_ENABLE_MODULES = YES;
				CLANG_ENABLE_OBJC_ARC = YES;
				CLANG_ENABLE_OBJC_WEAK = YES;
				CLANG_WARN_BLOCK_CAPTURE_AUTORELEASING = YES;
				CLANG_WARN_BOOL_CONVERSION = YES;
				CLANG_WARN_COMMA = YES;
				CLANG_WARN_CONSTANT_CONVERSION = YES;
				CLANG_WARN_DEPRECATED_OBJC_IMPLEMENTATIONS = YES;
				CLANG_WARN_DIRECT_OBJC_ISA_USAGE = YES_ERROR;
				CLANG_WARN_DOCUMENTATION_COMMENTS = YES;
				CLANG_WARN_EMPTY_BODY = YES;
				CLANG_WARN_ENUM_CONVERSION = YES;
				CLANG_WARN_INFINITE_RECURSION = YES;
				CLANG_WARN_INT_CONVERSION = YES;
				CLANG_WARN_NON_LITERAL_NULL_CONVERSION = YES;
				CLANG_WARN_OBJC_IMPLICIT_RETAIN_SELF = YES;
				CLANG_WARN_OBJC_LITERAL_CONVERSION = YES;
				CLANG_WARN_OBJC_ROOT_CLASS = YES_ERROR;
				CLANG_WARN_RANGE_LOOP_ANALYSIS = YES;
				CLANG_WARN_STRICT_PROTOTYPES = YES;
				CLANG_WARN_SUSPICIOUS_MOVE = YES;
				CLANG_WARN_UNGUARDED_AVAILABILITY = YES_AGGRESSIVE;
				CLANG_WARN_UNREACHABLE_CODE = YES;
				CLANG_WARN__DUPLICATE_METHOD_MATCH = YES;
				COPY_PHASE_STRIP = NO;
				DEBUG_INFORMATION_FORMAT = "dwarf-with-dsym";
				ENABLE_NS_ASSERTIONS = NO;
				ENABLE_STRICT_OBJC_MSGSEND = YES;
				GCC_C_LANGUAGE_STANDARD = gnu11;
				GCC_NO_COMMON_BLOCKS = YES;
				GCC_WARN_64_TO_32_BIT_CONVERSION = YES;
				GCC_WARN_ABOUT_RETURN_TYPE = YES_ERROR;
				GCC_WARN_UNDECLARED_SELECTOR = YES;
				GCC_WARN_UNINITIALIZED_AUTOS = YES_AGGRESSIVE;
				GCC_WARN_UNUSED_FUNCTION = YES;
				GCC_WARN_UNUSED_VARIABLE = YES;
				IPHONEOS_DEPLOYMENT_TARGET = 13.6;
				MTL_ENABLE_DEBUG_INFO = NO;
				MTL_FAST_MATH = YES;
				SDKROOT = iphoneos;
				SWIFT_COMPILATION_MODE = wholemodule;
				SWIFT_OPTIMIZATION_LEVEL = "-O";
				VALIDATE_PRODUCT = YES;
			};
			name = Release;
		};
		9F111A6B24DBD91300DEC237 /* Debug */ = {
			isa = XCBuildConfiguration;
			buildSettings = {
				ASSETCATALOG_COMPILER_APPICON_NAME = AppIcon;
				CLANG_ENABLE_MODULES = YES;
				CODE_SIGN_STYLE = Automatic;
				DEVELOPMENT_TEAM = QA23VNFTXA;
				FRAMEWORK_SEARCH_PATHS = (
					"$(inherited)",
					"$(PROJECT_DIR)",
				);
				INFOPLIST_FILE = LaneDetectionSample/Info.plist;
				IPHONEOS_DEPLOYMENT_TARGET = 13.0;
				LD_RUNPATH_SEARCH_PATHS = (
					"$(inherited)",
					"@executable_path/Frameworks",
				);
				PRODUCT_BUNDLE_IDENTIFIER = AutoEV.LaneDetectionSample;
				PRODUCT_NAME = "$(TARGET_NAME)";
				SWIFT_OBJC_BRIDGING_HEADER = "LaneDetectionSample-Bridging-Header.h";
				SWIFT_OPTIMIZATION_LEVEL = "-Onone";
				SWIFT_VERSION = 5.0;
				TARGETED_DEVICE_FAMILY = 1;
			};
			name = Debug;
		};
		9F111A6C24DBD91300DEC237 /* Release */ = {
			isa = XCBuildConfiguration;
			buildSettings = {
				ASSETCATALOG_COMPILER_APPICON_NAME = AppIcon;
				CLANG_ENABLE_MODULES = YES;
				CODE_SIGN_STYLE = Automatic;
				DEVELOPMENT_TEAM = QA23VNFTXA;
				FRAMEWORK_SEARCH_PATHS = (
					"$(inherited)",
					"$(PROJECT_DIR)",
				);
				INFOPLIST_FILE = LaneDetectionSample/Info.plist;
				IPHONEOS_DEPLOYMENT_TARGET = 13.0;
				LD_RUNPATH_SEARCH_PATHS = (
					"$(inherited)",
					"@executable_path/Frameworks",
				);
				PRODUCT_BUNDLE_IDENTIFIER = AutoEV.LaneDetectionSample;
				PRODUCT_NAME = "$(TARGET_NAME)";
				SWIFT_OBJC_BRIDGING_HEADER = "LaneDetectionSample-Bridging-Header.h";
				SWIFT_VERSION = 5.0;
				TARGETED_DEVICE_FAMILY = 1;
			};
			name = Release;
		};
/* End XCBuildConfiguration section */

/* Begin XCConfigurationList section */
		9F111A5124DBD91200DEC237 /* Build configuration list for PBXProject "LaneDetectionSample" */ = {
			isa = XCConfigurationList;
			buildConfigurations = (
				9F111A6824DBD91300DEC237 /* Debug */,
				9F111A6924DBD91300DEC237 /* Release */,
			);
			defaultConfigurationIsVisible = 0;
			defaultConfigurationName = Release;
		};
		9F111A6A24DBD91300DEC237 /* Build configuration list for PBXNativeTarget "LaneDetectionSample" */ = {
			isa = XCConfigurationList;
			buildConfigurations = (
				9F111A6B24DBD91300DEC237 /* Debug */,
				9F111A6C24DBD91300DEC237 /* Release */,
			);
			defaultConfigurationIsVisible = 0;
			defaultConfigurationName = Release;
		};
/* End XCConfigurationList section */
	};
	rootObject = 9F111A4E24DBD91200DEC237 /* Project object */;
}
